
Microsoft Visual Studio Solution File, Format Version 12.00
# Visual Studio Version 17
VisualStudioVersion = 17.9.34723.18
MinimumVisualStudioVersion = 10.0.40219.1
Project("{54A90642-561A-4BB1-A94E-469ADEE60C69}") = "Pokemon-Multiverse-Project", "Pokemon-Multiverse-Project\Pokemon-Multiverse-Project.esproj", "{76ED8656-650D-49F6-A4CE-D8A2F7F276E3}"
EndProject
Global
	GlobalSection(SolutionConfigurationPlatforms) = preSolution
		Debug|Any CPU = Debug|Any CPU
		Release|Any CPU = Release|Any CPU
	EndGlobalSection
	GlobalSection(ProjectConfigurationPlatforms) = postSolution
		{76ED8656-650D-49F6-A4CE-D8A2F7F276E3}.Debug|Any CPU.ActiveCfg = Debug|Any CPU
		{76ED8656-650D-49F6-A4CE-D8A2F7F276E3}.Debug|Any CPU.Build.0 = Debug|Any CPU
		{76ED8656-650D-49F6-A4CE-D8A2F7F276E3}.Debug|Any CPU.Deploy.0 = Debug|Any CPU
		{76ED8656-650D-49F6-A4CE-D8A2F7F276E3}.Release|Any CPU.ActiveCfg = Release|Any CPU
		{76ED8656-650D-49F6-A4CE-D8A2F7F276E3}.Release|Any CPU.Build.0 = Release|Any CPU
		{76ED8656-650D-49F6-A4CE-D8A2F7F276E3}.Release|Any CPU.Deploy.0 = Release|Any CPU
	EndGlobalSection
	GlobalSection(SolutionProperties) = preSolution
		HideSolutionNode = FALSE
	EndGlobalSection
	GlobalSection(ExtensibilityGlobals) = postSolution
		SolutionGuid = {531A42C8-CE30-44A8-9FC7-69707C36E6B3}
	EndGlobalSection
EndGlobal
